
Microsoft Visual Studio Solution File, Format Version 12.00
# Visual Studio Version 16
VisualStudioVersion = 16.0.31129.286
MinimumVisualStudioVersion = 10.0.40219.1
Project("{8BC9CEB8-8B4A-11D0-8D11-00A0C91BC942}") = "ChatServer", "ChatServer\ChatServer.vcxproj", "{7AB9DCE2-DABA-4D3B-A70E-85EDE48C7197}"
EndProject
Project("{8BC9CEB8-8B4A-11D0-8D11-00A0C91BC942}") = "ChatClient", "ChatClient\ChatClient.vcxproj", "{C3F7AEE8-ED5A-4A9D-A155-12461AC17EC0}"
EndProject
Project("{8BC9CEB8-8B4A-11D0-8D11-00A0C91BC942}") = "DummyClient", "DummyClient\DummyClient.vcxproj", "{41A34782-9C8D-4923-9BF4-60B439429448}"
EndProject
Global
	GlobalSection(SolutionConfigurationPlatforms) = preSolution
		Debug|x64 = Debug|x64
		Debug|x86 = Debug|x86
		Release|x64 = Release|x64
		Release|x86 = Release|x86
	EndGlobalSection
	GlobalSection(ProjectConfigurationPlatforms) = postSolution
		{7AB9DCE2-DABA-4D3B-A70E-85EDE48C7197}.Debug|x64.ActiveCfg = Debug|x64
		{7AB9DCE2-DABA-4D3B-A70E-85EDE48C7197}.Debug|x64.Build.0 = Debug|x64
		{7AB9DCE2-DABA-4D3B-A70E-85EDE48C7197}.Debug|x86.ActiveCfg = Debug|Win32
		{7AB9DCE2-DABA-4D3B-A70E-85EDE48C7197}.Debug|x86.Build.0 = Debug|Win32
		{7AB9DCE2-DABA-4D3B-A70E-85EDE48C7197}.Release|x64.ActiveCfg = Release|x64
		{7AB9DCE2-DABA-4D3B-A70E-85EDE48C7197}.Release|x64.Build.0 = Release|x64
		{7AB9DCE2-DABA-4D3B-A70E-85EDE48C7197}.Release|x86.ActiveCfg = Release|Win32
		{7AB9DCE2-DABA-4D3B-A70E-85EDE48C7197}.Release|x86.Build.0 = Release|Win32
		{C3F7AEE8-ED5A-4A9D-A155-12461AC17EC0}.Debug|x64.ActiveCfg = Debug|x64
		{C3F7AEE8-ED5A-4A9D-A155-12461AC17EC0}.Debug|x64.Build.0 = Debug|x64
		{C3F7AEE8-ED5A-4A9D-A155-12461AC17EC0}.Debug|x86.ActiveCfg = Debug|Win32
		{C3F7AEE8-ED5A-4A9D-A155-12461AC17EC0}.Debug|x86.Build.0 = Debug|Win32
		{C3F7AEE8-ED5A-4A9D-A155-12461AC17EC0}.Release|x64.ActiveCfg = Release|x64
		{C3F7AEE8-ED5A-4A9D-A155-12461AC17EC0}.Release|x64.Build.0 = Release|x64
		{C3F7AEE8-ED5A-4A9D-A155-12461AC17EC0}.Release|x86.ActiveCfg = Release|Win32
		{C3F7AEE8-ED5A-4A9D-A155-12461AC17EC0}.Release|x86.Build.0 = Release|Win32
		{41A34782-9C8D-4923-9BF4-60B439429448}.Debug|x64.ActiveCfg = Debug|x64
		{41A34782-9C8D-4923-9BF4-60B439429448}.Debug|x64.Build.0 = Debug|x64
		{41A34782-9C8D-4923-9BF4-60B439429448}.Debug|x86.ActiveCfg = Debug|Win32
		{41A34782-9C8D-4923-9BF4-60B439429448}.Debug|x86.Build.0 = Debug|Win32
		{41A34782-9C8D-4923-9BF4-60B439429448}.Release|x64.ActiveCfg = Release|x64
		{41A34782-9C8D-4923-9BF4-60B439429448}.Release|x64.Build.0 = Release|x64
		{41A34782-9C8D-4923-9BF4-60B439429448}.Release|x86.ActiveCfg = Release|Win32
		{41A34782-9C8D-4923-9BF4-60B439429448}.Release|x86.Build.0 = Release|Win32
	EndGlobalSection
	GlobalSection(SolutionProperties) = preSolution
		HideSolutionNode = FALSE
	EndGlobalSection
	GlobalSection(ExtensibilityGlobals) = postSolution
		SolutionGuid = {91C1B205-2A39-492F-9383-1493B011702F}
	EndGlobalSection
EndGlobal
